// !$*UTF8*$!
{
	archiveVersion = 1;
	classes = {
	};
	objectVersion = 50;
	objects = {

/* Begin PBXBuildFile section */
		0A68767A21074DA200D7D2E2 /* sceneUtil.m in Sources */ = {isa = PBXBuildFile; fileRef = 0A68767621074DA200D7D2E2 /* sceneUtil.m */; };
		0A68767B21074DA200D7D2E2 /* AGLKVertexAttribArrayBuffer.m in Sources */ = {isa = PBXBuildFile; fileRef = 0A68767721074DA200D7D2E2 /* AGLKVertexAttribArrayBuffer.m */; };
		0A79026D2101FD44004037A1 /* AppDelegate.m in Sources */ = {isa = PBXBuildFile; fileRef = 0A79026C2101FD44004037A1 /* AppDelegate.m */; };
		0A7902702101FD44004037A1 /* ViewController.m in Sources */ = {isa = PBXBuildFile; fileRef = 0A79026F2101FD44004037A1 /* ViewController.m */; };
		0A7902732101FD44004037A1 /* Main.storyboard in Resources */ = {isa = PBXBuildFile; fileRef = 0A7902712101FD44004037A1 /* Main.storyboard */; };
		0A7902752101FD46004037A1 /* Assets.xcassets in Resources */ = {isa = PBXBuildFile; fileRef = 0A7902742101FD46004037A1 /* Assets.xcassets */; };
		0A7902782101FD46004037A1 /* LaunchScreen.storyboard in Resources */ = {isa = PBXBuildFile; fileRef = 0A7902762101FD46004037A1 /* LaunchScreen.storyboard */; };
		0A79027B2101FD46004037A1 /* main.m in Sources */ = {isa = PBXBuildFile; fileRef = 0A79027A2101FD46004037A1 /* main.m */; };
		0A7902852101FD46004037A1 /* LightTests.m in Sources */ = {isa = PBXBuildFile; fileRef = 0A7902842101FD46004037A1 /* LightTests.m */; };
		0A7902902101FD46004037A1 /* LightUITests.m in Sources */ = {isa = PBXBuildFile; fileRef = 0A79028F2101FD46004037A1 /* LightUITests.m */; };
/* End PBXBuildFile section */

/* Begin PBXContainerItemProxy section */
		0A7902812101FD46004037A1 /* PBXContainerItemProxy */ = {
			isa = PBXContainerItemProxy;
			containerPortal = 0A7902602101FD44004037A1 /* Project object */;
			proxyType = 1;
			remoteGlobalIDString = 0A7902672101FD44004037A1;
			remoteInfo = Light;
		};
		0A79028C2101FD46004037A1 /* PBXContainerItemProxy */ = {
			isa = PBXContainerItemProxy;
			containerPortal = 0A7902602101FD44004037A1 /* Project object */;
			proxyType = 1;
			remoteGlobalIDString = 0A7902672101FD44004037A1;
			remoteInfo = Light;
		};
/* End PBXContainerItemProxy section */

/* Begin PBXFileReference section */
		0A68767621074DA200D7D2E2 /* sceneUtil.m */ = {isa = PBXFileReference; fileEncoding = 4; lastKnownFileType = sourcecode.c.objc; path = sceneUtil.m; sourceTree = "<group>"; };
		0A68767721074DA200D7D2E2 /* AGLKVertexAttribArrayBuffer.m */ = {isa = PBXFileReference; fileEncoding = 4; lastKnownFileType = sourcecode.c.objc; path = AGLKVertexAttribArrayBuffer.m; sourceTree = "<group>"; };
		0A68767821074DA200D7D2E2 /* sceneUtil.h */ = {isa = PBXFileReference; fileEncoding = 4; lastKnownFileType = sourcecode.c.h; path = sceneUtil.h; sourceTree = "<group>"; };
		0A68767921074DA200D7D2E2 /* AGLKVertexAttribArrayBuffer.h */ = {isa = PBXFileReference; fileEncoding = 4; lastKnownFileType = sourcecode.c.h; path = AGLKVertexAttribArrayBuffer.h; sourceTree = "<group>"; };
		0A7902682101FD44004037A1 /* Light.app */ = {isa = PBXFileReference; explicitFileType = wrapper.application; includeInIndex = 0; path = Light.app; sourceTree = BUILT_PRODUCTS_DIR; };
		0A79026B2101FD44004037A1 /* AppDelegate.h */ = {isa = PBXFileReference; lastKnownFileType = sourcecode.c.h; path = AppDelegate.h; sourceTree = "<group>"; };
		0A79026C2101FD44004037A1 /* AppDelegate.m */ = {isa = PBXFileReference; lastKnownFileType = sourcecode.c.objc; path = AppDelegate.m; sourceTree = "<group>"; };
		0A79026E2101FD44004037A1 /* ViewController.h */ = {isa = PBXFileReference; lastKnownFileType = sourcecode.c.h; path = ViewController.h; sourceTree = "<group>"; };
		0A79026F2101FD44004037A1 /* ViewController.m */ = {isa = PBXFileReference; lastKnownFileType = sourcecode.c.objc; path = ViewController.m; sourceTree = "<group>"; };
		0A7902722101FD44004037A1 /* Base */ = {isa = PBXFileReference; lastKnownFileType = file.storyboard; name = Base; path = Base.lproj/Main.storyboard; sourceTree = "<group>"; };
		0A7902742101FD46004037A1 /* Assets.xcassets */ = {isa = PBXFileReference; lastKnownFileType = folder.assetcatalog; path = Assets.xcassets; sourceTree = "<group>"; };
		0A7902772101FD46004037A1 /* Base */ = {isa = PBXFileReference; lastKnownFileType = file.storyboard; name = Base; path = Base.lproj/LaunchScreen.storyboard; sourceTree = "<group>"; };
		0A7902792101FD46004037A1 /* Info.plist */ = {isa = PBXFileReference; lastKnownFileType = text.plist.xml; path = Info.plist; sourceTree = "<group>"; };
		0A79027A2101FD46004037A1 /* main.m */ = {isa = PBXFileReference; lastKnownFileType = sourcecode.c.objc; path = main.m; sourceTree = "<group>"; };
		0A7902802101FD46004037A1 /* LightTests.xctest */ = {isa = PBXFileReference; explicitFileType = wrapper.cfbundle; includeInIndex = 0; path = LightTests.xctest; sourceTree = BUILT_PRODUCTS_DIR; };
		0A7902842101FD46004037A1 /* LightTests.m */ = {isa = PBXFileReference; lastKnownFileType = sourcecode.c.objc; path = LightTests.m; sourceTree = "<group>"; };
		0A7902862101FD46004037A1 /* Info.plist */ = {isa = PBXFileReference; lastKnownFileType = text.plist.xml; path = Info.plist; sourceTree = "<group>"; };
		0A79028B2101FD46004037A1 /* LightUITests.xctest */ = {isa = PBXFileReference; explicitFileType = wrapper.cfbundle; includeInIndex = 0; path = LightUITests.xctest; sourceTree = BUILT_PRODUCTS_DIR; };
		0A79028F2101FD46004037A1 /* LightUITests.m */ = {isa = PBXFileReference; lastKnownFileType = sourcecode.c.objc; path = LightUITests.m; sourceTree = "<group>"; };
		0A7902912101FD46004037A1 /* Info.plist */ = {isa = PBXFileReference; lastKnownFileType = text.plist.xml; path = Info.plist; sourceTree = "<group>"; };
/* End PBXFileReference section */

/* Begin PBXFrameworksBuildPhase section */
		0A7902652101FD44004037A1 /* Frameworks */ = {
			isa = PBXFrameworksBuildPhase;
			buildActionMask = 2147483647;
			files = (
			);
			runOnlyForDeploymentPostprocessing = 0;
		};
		0A79027D2101FD46004037A1 /* Frameworks */ = {
			isa = PBXFrameworksBuildPhase;
			buildActionMask = 2147483647;
			files = (
			);
			runOnlyForDeploymentPostprocessing = 0;
		};
		0A7902882101FD46004037A1 /* Frameworks */ = {
			isa = PBXFrameworksBuildPhase;
			buildActionMask = 2147483647;
			files = (
			);
			runOnlyForDeploymentPostprocessing = 0;
		};
/* End PBXFrameworksBuildPhase section */

/* Begin PBXGroup section */
		0A68767521074DA200D7D2E2 /* Kit */ = {
			isa = PBXGroup;
			children = (
				0A68767921074DA200D7D2E2 /* AGLKVertexAttribArrayBuffer.h */,
				0A68767721074DA200D7D2E2 /* AGLKVertexAttribArrayBuffer.m */,
				0A68767821074DA200D7D2E2 /* sceneUtil.h */,
				0A68767621074DA200D7D2E2 /* sceneUtil.m */,
			);
			path = Kit;
			sourceTree = "<group>";
		};
		0A79025F2101FD44004037A1 = {
			isa = PBXGroup;
			children = (
				0A79026A2101FD44004037A1 /* Light */,
				0A7902832101FD46004037A1 /* LightTests */,
				0A79028E2101FD46004037A1 /* LightUITests */,
				0A7902692101FD44004037A1 /* Products */,
			);
			sourceTree = "<group>";
		};
		0A7902692101FD44004037A1 /* Products */ = {
			isa = PBXGroup;
			children = (
				0A7902682101FD44004037A1 /* Light.app */,
				0A7902802101FD46004037A1 /* LightTests.xctest */,
				0A79028B2101FD46004037A1 /* LightUITests.xctest */,
			);
			name = Products;
			sourceTree = "<group>";
		};
		0A79026A2101FD44004037A1 /* Light */ = {
			isa = PBXGroup;
			children = (
				0A68767521074DA200D7D2E2 /* Kit */,
				0A79026B2101FD44004037A1 /* AppDelegate.h */,
				0A79026C2101FD44004037A1 /* AppDelegate.m */,
				0A79026E2101FD44004037A1 /* ViewController.h */,
				0A79026F2101FD44004037A1 /* ViewController.m */,
				0A7902712101FD44004037A1 /* Main.storyboard */,
				0A7902742101FD46004037A1 /* Assets.xcassets */,
				0A7902762101FD46004037A1 /* LaunchScreen.storyboard */,
				0A7902792101FD46004037A1 /* Info.plist */,
				0A79027A2101FD46004037A1 /* main.m */,
			);
			path = Light;
			sourceTree = "<group>";
		};
		0A7902832101FD46004037A1 /* LightTests */ = {
			isa = PBXGroup;
			children = (
				0A7902842101FD46004037A1 /* LightTests.m */,
				0A7902862101FD46004037A1 /* Info.plist */,
			);
			path = LightTests;
			sourceTree = "<group>";
		};
		0A79028E2101FD46004037A1 /* LightUITests */ = {
			isa = PBXGroup;
			children = (
				0A79028F2101FD46004037A1 /* LightUITests.m */,
				0A7902912101FD46004037A1 /* Info.plist */,
			);
			path = LightUITests;
			sourceTree = "<group>";
		};
/* End PBXGroup section */

/* Begin PBXNativeTarget section */
		0A7902672101FD44004037A1 /* Light */ = {
			isa = PBXNativeTarget;
			buildConfigurationList = 0A7902942101FD46004037A1 /* Build configuration list for PBXNativeTarget "Light" */;
			buildPhases = (
				0A7902642101FD44004037A1 /* Sources */,
				0A7902652101FD44004037A1 /* Frameworks */,
				0A7902662101FD44004037A1 /* Resources */,
			);
			buildRules = (
			);
			dependencies = (
			);
			name = Light;
			productName = Light;
			productReference = 0A7902682101FD44004037A1 /* Light.app */;
			productType = "com.apple.product-type.application";
		};
		0A79027F2101FD46004037A1 /* LightTests */ = {
			isa = PBXNativeTarget;
			buildConfigurationList = 0A7902972101FD46004037A1 /* Build configuration list for PBXNativeTarget "LightTests" */;
			buildPhases = (
				0A79027C2101FD46004037A1 /* Sources */,
				0A79027D2101FD46004037A1 /* Frameworks */,
				0A79027E2101FD46004037A1 /* Resources */,
			);
			buildRules = (
			);
			dependencies = (
				0A7902822101FD46004037A1 /* PBXTargetDependency */,
			);
			name = LightTests;
			productName = LightTests;
			productReference = 0A7902802101FD46004037A1 /* LightTests.xctest */;
			productType = "com.apple.product-type.bundle.unit-test";
		};
		0A79028A2101FD46004037A1 /* LightUITests */ = {
			isa = PBXNativeTarget;
			buildConfigurationList = 0A79029A2101FD46004037A1 /* Build configuration list for PBXNativeTarget "LightUITests" */;
			buildPhases = (
				0A7902872101FD46004037A1 /* Sources */,
				0A7902882101FD46004037A1 /* Frameworks */,
				0A7902892101FD46004037A1 /* Resources */,
			);
			buildRules = (
			);
			dependencies = (
				0A79028D2101FD46004037A1 /* PBXTargetDependency */,
			);
			name = LightUITests;
			productName = LightUITests;
			productReference = 0A79028B2101FD46004037A1 /* LightUITests.xctest */;
			productType = "com.apple.product-type.bundle.ui-testing";
		};
/* End PBXNativeTarget section */

/* Begin PBXProject section */
		0A7902602101FD44004037A1 /* Project object */ = {
			isa = PBXProject;
			attributes = {
				LastUpgradeCheck = 0940;
				ORGANIZATIONNAME = lly;
				TargetAttributes = {
					0A7902672101FD44004037A1 = {
						CreatedOnToolsVersion = 9.4.1;
					};
					0A79027F2101FD46004037A1 = {
						CreatedOnToolsVersion = 9.4.1;
						TestTargetID = 0A7902672101FD44004037A1;
					};
					0A79028A2101FD46004037A1 = {
						CreatedOnToolsVersion = 9.4.1;
						TestTargetID = 0A7902672101FD44004037A1;
					};
				};
			};
			buildConfigurationList = 0A7902632101FD44004037A1 /* Build configuration list for PBXProject "Light" */;
			compatibilityVersion = "Xcode 9.3";
			developmentRegion = en;
			hasScannedForEncodings = 0;
			knownRegions = (
				en,
				Base,
			);
			mainGroup = 0A79025F2101FD44004037A1;
			productRefGroup = 0A7902692101FD44004037A1 /* Products */;
			projectDirPath = "";
			projectRoot = "";
			targets = (
				0A7902672101FD44004037A1 /* Light */,
				0A79027F2101FD46004037A1 /* LightTests */,
				0A79028A2101FD46004037A1 /* LightUITests */,
			);
		};
/* End PBXProject section */

/* Begin PBXResourcesBuildPhase section */
		0A7902662101FD44004037A1 /* Resources */ = {
			isa = PBXResourcesBuildPhase;
			buildActionMask = 2147483647;
			files = (
				0A7902782101FD46004037A1 /* LaunchScreen.storyboard in Resources */,
				0A7902752101FD46004037A1 /* Assets.xcassets in Resources */,
				0A7902732101FD44004037A1 /* Main.storyboard in Resources */,
			);
			runOnlyForDeploymentPostprocessing = 0;
		};
		0A79027E2101FD46004037A1 /* Resources */ = {
			isa = PBXResourcesBuildPhase;
			buildActionMask = 2147483647;
			files = (
			);
			runOnlyForDeploymentPostprocessing = 0;
		};
		0A7902892101FD46004037A1 /* Resources */ = {
			isa = PBXResourcesBuildPhase;
			buildActionMask = 2147483647;
			files = (
			);
			runOnlyForDeploymentPostprocessing = 0;
		};
/* End PBXResourcesBuildPhase section */

/* Begin PBXSourcesBuildPhase section */
		0A7902642101FD44004037A1 /* Sources */ = {
			isa = PBXSourcesBuildPhase;
			buildActionMask = 2147483647;
			files = (
				0A7902702101FD44004037A1 /* ViewController.m in Sources */,
				0A79027B2101FD46004037A1 /* main.m in Sources */,
				0A68767B21074DA200D7D2E2 /* AGLKVertexAttribArrayBuffer.m in Sources */,
				0A68767A21074DA200D7D2E2 /* sceneUtil.m in Sources */,
				0A79026D2101FD44004037A1 /* AppDelegate.m in Sources */,
			);
			runOnlyForDeploymentPostprocessing = 0;
		};
		0A79027C2101FD46004037A1 /* Sources */ = {
			isa = PBXSourcesBuildPhase;
			buildActionMask = 2147483647;
			files = (
				0A7902852101FD46004037A1 /* LightTests.m in Sources */,
			);
			runOnlyForDeploymentPostprocessing = 0;
		};
		0A7902872101FD46004037A1 /* Sources */ = {
			isa = PBXSourcesBuildPhase;
			buildActionMask = 2147483647;
			files = (
				0A7902902101FD46004037A1 /* LightUITests.m in Sources */,
			);
			runOnlyForDeploymentPostprocessing = 0;
		};
/* End PBXSourcesBuildPhase section */

/* Begin PBXTargetDependency section */
		0A7902822101FD46004037A1 /* PBXTargetDependency */ = {
			isa = PBXTargetDependency;
			target = 0A7902672101FD44004037A1 /* Light */;
			targetProxy = 0A7902812101FD46004037A1 /* PBXContainerItemProxy */;
		};
		0A79028D2101FD46004037A1 /* PBXTargetDependency */ = {
			isa = PBXTargetDependency;
			target = 0A7902672101FD44004037A1 /* Light */;
			targetProxy = 0A79028C2101FD46004037A1 /* PBXContainerItemProxy */;
		};
/* End PBXTargetDependency section */

/* Begin PBXVariantGroup section */
		0A7902712101FD44004037A1 /* Main.storyboard */ = {
			isa = PBXVariantGroup;
			children = (
				0A7902722101FD44004037A1 /* Base */,
			);
			name = Main.storyboard;
			sourceTree = "<group>";
		};
		0A7902762101FD46004037A1 /* LaunchScreen.storyboard */ = {
			isa = PBXVariantGroup;
			children = (
				0A7902772101FD46004037A1 /* Base */,
			);
			name = LaunchScreen.storyboard;
			sourceTree = "<group>";
		};
/* End PBXVariantGroup section */

/* Begin XCBuildConfiguration section */
		0A7902922101FD46004037A1 /* Debug */ = {
			isa = XCBuildConfiguration;
			buildSettings = {
				ALWAYS_SEARCH_USER_PATHS = NO;
				CLANG_ANALYZER_NONNULL = YES;
				CLANG_ANALYZER_NUMBER_OBJECT_CONVERSION = YES_AGGRESSIVE;
				CLANG_CXX_LANGUAGE_STANDARD = "gnu++14";
				CLANG_CXX_LIBRARY = "libc++";
				CLANG_ENABLE_MODULES = YES;
				CLANG_ENABLE_OBJC_ARC = YES;
				CLANG_ENABLE_OBJC_WEAK = YES;
				CLANG_WARN_BLOCK_CAPTURE_AUTORELEASING = YES;
				CLANG_WARN_BOOL_CONVERSION = YES;
				CLANG_WARN_COMMA = YES;
				CLANG_WARN_CONSTANT_CONVERSION = YES;
				CLANG_WARN_DEPRECATED_OBJC_IMPLEMENTATIONS = YES;
				CLANG_WARN_DIRECT_OBJC_ISA_USAGE = YES_ERROR;
				CLANG_WARN_DOCUMENTATION_COMMENTS = YES;
				CLANG_WARN_EMPTY_BODY = YES;
				CLANG_WARN_ENUM_CONVERSION = YES;
				CLANG_WARN_INFINITE_RECURSION = YES;
				CLANG_WARN_INT_CONVERSION = YES;
				CLANG_WARN_NON_LITERAL_NULL_CONVERSION = YES;
				CLANG_WARN_OBJC_IMPLICIT_RETAIN_SELF = YES;
				CLANG_WARN_OBJC_LITERAL_CONVERSION = YES;
				CLANG_WARN_OBJC_ROOT_CLASS = YES_ERROR;
				CLANG_WARN_RANGE_LOOP_ANALYSIS = YES;
				CLANG_WARN_STRICT_PROTOTYPES = YES;
				CLANG_WARN_SUSPICIOUS_MOVE = YES;
				CLANG_WARN_UNGUARDED_AVAILABILITY = YES_AGGRESSIVE;
				CLANG_WARN_UNREACHABLE_CODE = YES;
				CLANG_WARN__DUPLICATE_METHOD_MATCH = YES;
				CODE_SIGN_IDENTITY = "iPhone Developer";
				COPY_PHASE_STRIP = NO;
				DEBUG_INFORMATION_FORMAT = dwarf;
				ENABLE_STRICT_OBJC_MSGSEND = YES;
				ENABLE_TESTABILITY = YES;
				GCC_C_LANGUAGE_STANDARD = gnu11;
				GCC_DYNAMIC_NO_PIC = NO;
				GCC_NO_COMMON_BLOCKS = YES;
				GCC_OPTIMIZATION_LEVEL = 0;
				GCC_PREPROCESSOR_DEFINITIONS = (
					"DEBUG=1",
					"$(inherited)",
				);
				GCC_WARN_64_TO_32_BIT_CONVERSION = YES;
				GCC_WARN_ABOUT_RETURN_TYPE = YES_ERROR;
				GCC_WARN_UNDECLARED_SELECTOR = YES;
				GCC_WARN_UNINITIALIZED_AUTOS = YES_AGGRESSIVE;
				GCC_WARN_UNUSED_FUNCTION = YES;
				GCC_WARN_UNUSED_VARIABLE = YES;
				IPHONEOS_DEPLOYMENT_TARGET = 11.4;
				MTL_ENABLE_DEBUG_INFO = YES;
				ONLY_ACTIVE_ARCH = YES;
				SDKROOT = iphoneos;
			};
			name = Debug;
		};
		0A7902932101FD46004037A1 /* Release */ = {
			isa = XCBuildConfiguration;
			buildSettings = {
				ALWAYS_SEARCH_USER_PATHS = NO;
				CLANG_ANALYZER_NONNULL = YES;
				CLANG_ANALYZER_NUMBER_OBJECT_CONVERSION = YES_AGGRESSIVE;
				CLANG_CXX_LANGUAGE_STANDARD = "gnu++14";
				CLANG_CXX_LIBRARY = "libc++";
				CLANG_ENABLE_MODULES = YES;
				CLANG_ENABLE_OBJC_ARC = YES;
				CLANG_ENABLE_OBJC_WEAK = YES;
				CLANG_WARN_BLOCK_CAPTURE_AUTORELEASING = YES;
				CLANG_WARN_BOOL_CONVERSION = YES;
				CLANG_WARN_COMMA = YES;
				CLANG_WARN_CONSTANT_CONVERSION = YES;
				CLANG_WARN_DEPRECATED_OBJC_IMPLEMENTATIONS = YES;
				CLANG_WARN_DIRECT_OBJC_ISA_USAGE = YES_ERROR;
				CLANG_WARN_DOCUMENTATION_COMMENTS = YES;
				CLANG_WARN_EMPTY_BODY = YES;
				CLANG_WARN_ENUM_CONVERSION = YES;
				CLANG_WARN_INFINITE_RECURSION = YES;
				CLANG_WARN_INT_CONVERSION = YES;
				CLANG_WARN_NON_LITERAL_NULL_CONVERSION = YES;
				CLANG_WARN_OBJC_IMPLICIT_RETAIN_SELF = YES;
				CLANG_WARN_OBJC_LITERAL_CONVERSION = YES;
				CLANG_WARN_OBJC_ROOT_CLASS = YES_ERROR;
				CLANG_WARN_RANGE_LOOP_ANALYSIS = YES;
				CLANG_WARN_STRICT_PROTOTYPES = YES;
				CLANG_WARN_SUSPICIOUS_MOVE = YES;
				CLANG_WARN_UNGUARDED_AVAILABILITY = YES_AGGRESSIVE;
				CLANG_WARN_UNREACHABLE_CODE = YES;
				CLANG_WARN__DUPLICATE_METHOD_MATCH = YES;
				CODE_SIGN_IDENTITY = "iPhone Developer";
				COPY_PHASE_STRIP = NO;
				DEBUG_INFORMATION_FORMAT = "dwarf-with-dsym";
				ENABLE_NS_ASSERTIONS = NO;
				ENABLE_STRICT_OBJC_MSGSEND = YES;
				GCC_C_LANGUAGE_STANDARD = gnu11;
				GCC_NO_COMMON_BLOCKS = YES;
				GCC_WARN_64_TO_32_BIT_CONVERSION = YES;
				GCC_WARN_ABOUT_RETURN_TYPE = YES_ERROR;
				GCC_WARN_UNDECLARED_SELECTOR = YES;
				GCC_WARN_UNINITIALIZED_AUTOS = YES_AGGRESSIVE;
				GCC_WARN_UNUSED_FUNCTION = YES;
				GCC_WARN_UNUSED_VARIABLE = YES;
				IPHONEOS_DEPLOYMENT_TARGET = 11.4;
				MTL_ENABLE_DEBUG_INFO = NO;
				SDKROOT = iphoneos;
				VALIDATE_PRODUCT = YES;
			};
			name = Release;
		};
		0A7902952101FD46004037A1 /* Debug */ = {
			isa = XCBuildConfiguration;
			buildSettings = {
				ASSETCATALOG_COMPILER_APPICON_NAME = AppIcon;
				CODE_SIGN_STYLE = Automatic;
				DEVELOPMENT_TEAM = PW2BL84NY9;
				INFOPLIST_FILE = Light/Info.plist;
				LD_RUNPATH_SEARCH_PATHS = (
					"$(inherited)",
					"@executable_path/Frameworks",
				);
				PRODUCT_BUNDLE_IDENTIFIER = com.lly.Light;
				PRODUCT_NAME = "$(TARGET_NAME)";
				TARGETED_DEVICE_FAMILY = "1,2";
			};
			name = Debug;
		};
		0A7902962101FD46004037A1 /* Release */ = {
			isa = XCBuildConfiguration;
			buildSettings = {
				ASSETCATALOG_COMPILER_APPICON_NAME = AppIcon;
				CODE_SIGN_STYLE = Automatic;
				DEVELOPMENT_TEAM = PW2BL84NY9;
				INFOPLIST_FILE = Light/Info.plist;
				LD_RUNPATH_SEARCH_PATHS = (
					"$(inherited)",
					"@executable_path/Frameworks",
				);
				PRODUCT_BUNDLE_IDENTIFIER = com.lly.Light;
				PRODUCT_NAME = "$(TARGET_NAME)";
				TARGETED_DEVICE_FAMILY = "1,2";
			};
			name = Release;
		};
		0A7902982101FD46004037A1 /* Debug */ = {
			isa = XCBuildConfiguration;
			buildSettings = {
				BUNDLE_LOADER = "$(TEST_HOST)";
				CODE_SIGN_STYLE = Automatic;
				DEVELOPMENT_TEAM = PW2BL84NY9;
				INFOPLIST_FILE = LightTests/Info.plist;
				LD_RUNPATH_SEARCH_PATHS = (
					"$(inherited)",
					"@executable_path/Frameworks",
					"@loader_path/Frameworks",
				);
				PRODUCT_BUNDLE_IDENTIFIER = com.lly.LightTests;
				PRODUCT_NAME = "$(TARGET_NAME)";
				TARGETED_DEVICE_FAMILY = "1,2";
				TEST_HOST = "$(BUILT_PRODUCTS_DIR)/Light.app/Light";
			};
			name = Debug;
		};
		0A7902992101FD46004037A1 /* Release */ = {
			isa = XCBuildConfiguration;
			buildSettings = {
				BUNDLE_LOADER = "$(TEST_HOST)";
				CODE_SIGN_STYLE = Automatic;
				DEVELOPMENT_TEAM = PW2BL84NY9;
				INFOPLIST_FILE = LightTests/Info.plist;
				LD_RUNPATH_SEARCH_PATHS = (
					"$(inherited)",
					"@executable_path/Frameworks",
					"@loader_path/Frameworks",
				);
				PRODUCT_BUNDLE_IDENTIFIER = com.lly.LightTests;
				PRODUCT_NAME = "$(TARGET_NAME)";
				TARGETED_DEVICE_FAMILY = "1,2";
				TEST_HOST = "$(BUILT_PRODUCTS_DIR)/Light.app/Light";
			};
			name = Release;
		};
		0A79029B2101FD46004037A1 /* Debug */ = {
			isa = XCBuildConfiguration;
			buildSettings = {
				CODE_SIGN_STYLE = Automatic;
				DEVELOPMENT_TEAM = PW2BL84NY9;
				INFOPLIST_FILE = LightUITests/Info.plist;
				LD_RUNPATH_SEARCH_PATHS = (
					"$(inherited)",
					"@executable_path/Frameworks",
					"@loader_path/Frameworks",
				);
				PRODUCT_BUNDLE_IDENTIFIER = com.lly.LightUITests;
				PRODUCT_NAME = "$(TARGET_NAME)";
				TARGETED_DEVICE_FAMILY = "1,2";
				TEST_TARGET_NAME = Light;
			};
			name = Debug;
		};
		0A79029C2101FD46004037A1 /* Release */ = {
			isa = XCBuildConfiguration;
			buildSettings = {
				CODE_SIGN_STYLE = Automatic;
				DEVELOPMENT_TEAM = PW2BL84NY9;
				INFOPLIST_FILE = LightUITests/Info.plist;
				LD_RUNPATH_SEARCH_PATHS = (
					"$(inherited)",
					"@executable_path/Frameworks",
					"@loader_path/Frameworks",
				);
				PRODUCT_BUNDLE_IDENTIFIER = com.lly.LightUITests;
				PRODUCT_NAME = "$(TARGET_NAME)";
				TARGETED_DEVICE_FAMILY = "1,2";
				TEST_TARGET_NAME = Light;
			};
			name = Release;
		};
/* End XCBuildConfiguration section */

/* Begin XCConfigurationList section */
		0A7902632101FD44004037A1 /* Build configuration list for PBXProject "Light" */ = {
			isa = XCConfigurationList;
			buildConfigurations = (
				0A7902922101FD46004037A1 /* Debug */,
				0A7902932101FD46004037A1 /* Release */,
			);
			defaultConfigurationIsVisible = 0;
			defaultConfigurationName = Release;
		};
		0A7902942101FD46004037A1 /* Build configuration list for PBXNativeTarget "Light" */ = {
			isa = XCConfigurationList;
			buildConfigurations = (
				0A7902952101FD46004037A1 /* Debug */,
				0A7902962101FD46004037A1 /* Release */,
			);
			defaultConfigurationIsVisible = 0;
			defaultConfigurationName = Release;
		};
		0A7902972101FD46004037A1 /* Build configuration list for PBXNativeTarget "LightTests" */ = {
			isa = XCConfigurationList;
			buildConfigurations = (
				0A7902982101FD46004037A1 /* Debug */,
				0A7902992101FD46004037A1 /* Release */,
			);
			defaultConfigurationIsVisible = 0;
			defaultConfigurationName = Release;
		};
		0A79029A2101FD46004037A1 /* Build configuration list for PBXNativeTarget "LightUITests" */ = {
			isa = XCConfigurationList;
			buildConfigurations = (
				0A79029B2101FD46004037A1 /* Debug */,
				0A79029C2101FD46004037A1 /* Release */,
			);
			defaultConfigurationIsVisible = 0;
			defaultConfigurationName = Release;
		};
/* End XCConfigurationList section */
	};
	rootObject = 0A7902602101FD44004037A1 /* Project object */;
}
